
Microsoft Visual Studio Solution File, Format Version 12.00
# Visual Studio Version 16
VisualStudioVersion = 16.0.31105.61
MinimumVisualStudioVersion = 10.0.40219.1
Project("{FAE04EC0-301F-11D3-BF4B-00C04F79EFBC}") = "Chinese.PinYin", "Chinese.PinYin\Chinese.PinYin.csproj", "{1D0D169B-50DF-46BB-A45E-D50309CE9A03}"
EndProject
Project("{FAE04EC0-301F-11D3-BF4B-00C04F79EFBC}") = "TestChinese", "TestChinese\TestChinese.csproj", "{2D41A414-3526-4379-B402-097D3B087258}"
EndProject
Global
	GlobalSection(SolutionConfigurationPlatforms) = preSolution
		Debug|Any CPU = Debug|Any CPU
		Release|Any CPU = Release|Any CPU
	EndGlobalSection
	GlobalSection(ProjectConfigurationPlatforms) = postSolution
		{1D0D169B-50DF-46BB-A45E-D50309CE9A03}.Debug|Any CPU.ActiveCfg = Debug|Any CPU
		{1D0D169B-50DF-46BB-A45E-D50309CE9A03}.Debug|Any CPU.Build.0 = Debug|Any CPU
		{1D0D169B-50DF-46BB-A45E-D50309CE9A03}.Release|Any CPU.ActiveCfg = Release|Any CPU
		{1D0D169B-50DF-46BB-A45E-D50309CE9A03}.Release|Any CPU.Build.0 = Release|Any CPU
		{2D41A414-3526-4379-B402-097D3B087258}.Debug|Any CPU.ActiveCfg = Debug|Any CPU
		{2D41A414-3526-4379-B402-097D3B087258}.Debug|Any CPU.Build.0 = Debug|Any CPU
		{2D41A414-3526-4379-B402-097D3B087258}.Release|Any CPU.ActiveCfg = Release|Any CPU
		{2D41A414-3526-4379-B402-097D3B087258}.Release|Any CPU.Build.0 = Release|Any CPU
	EndGlobalSection
	GlobalSection(SolutionProperties) = preSolution
		HideSolutionNode = FALSE
	EndGlobalSection
	GlobalSection(ExtensibilityGlobals) = postSolution
		SolutionGuid = {F1541593-26BA-4846-80A1-E5487C5AF54A}
	EndGlobalSection
EndGlobal
